
Microsoft Visual Studio Solution File, Format Version 12.00
# Visual Studio 15
VisualStudioVersion = 15.0.28010.2036
MinimumVisualStudioVersion = 10.0.40219.1
Project("{8BC9CEB8-8B4A-11D0-8D11-00A0C91BC942}") = "1RBBSTF", "1RBBSTF\1RBBSTF.vcxproj", "{4BCBDEAB-D6FD-480B-8223-7A7ED0A459D6}"
EndProject
Global
	GlobalSection(SolutionConfigurationPlatforms) = preSolution
		Debug|x64 = Debug|x64
		Debug|x86 = Debug|x86
		Release|x64 = Release|x64
		Release|x86 = Release|x86
	EndGlobalSection
	GlobalSection(ProjectConfigurationPlatforms) = postSolution
		{4BCBDEAB-D6FD-480B-8223-7A7ED0A459D6}.Debug|x64.ActiveCfg = Debug|x64
		{4BCBDEAB-D6FD-480B-8223-7A7ED0A459D6}.Debug|x64.Build.0 = Debug|x64
		{4BCBDEAB-D6FD-480B-8223-7A7ED0A459D6}.Debug|x86.ActiveCfg = Debug|Win32
		{4BCBDEAB-D6FD-480B-8223-7A7ED0A459D6}.Debug|x86.Build.0 = Debug|Win32
		{4BCBDEAB-D6FD-480B-8223-7A7ED0A459D6}.Release|x64.ActiveCfg = Release|x64
		{4BCBDEAB-D6FD-480B-8223-7A7ED0A459D6}.Release|x64.Build.0 = Release|x64
		{4BCBDEAB-D6FD-480B-8223-7A7ED0A459D6}.Release|x86.ActiveCfg = Release|Win32
		{4BCBDEAB-D6FD-480B-8223-7A7ED0A459D6}.Release|x86.Build.0 = Release|Win32
	EndGlobalSection
	GlobalSection(SolutionProperties) = preSolution
		HideSolutionNode = FALSE
	EndGlobalSection
	GlobalSection(ExtensibilityGlobals) = postSolution
		SolutionGuid = {82B0CD50-F3DC-4D22-8FA2-4F7EE707ACE8}
	EndGlobalSection
EndGlobal
