
Microsoft Visual Studio Solution File, Format Version 12.00
# Visual Studio 15
VisualStudioVersion = 15.0.28010.2036
MinimumVisualStudioVersion = 10.0.40219.1
Project("{8BC9CEB8-8B4A-11D0-8D11-00A0C91BC942}") = "RBBST", "RBBST\RBBST.vcxproj", "{88814250-FED5-43D0-A221-C315B183A68E}"
EndProject
Project("{8BC9CEB8-8B4A-11D0-8D11-00A0C91BC942}") = "RBBSTexe", "RBBSTexe\RBBSTexe.vcxproj", "{D989D2D0-A346-4411-A54D-D36D585293CC}"
EndProject
Global
	GlobalSection(SolutionConfigurationPlatforms) = preSolution
		Debug|x64 = Debug|x64
		Debug|x86 = Debug|x86
		Release|x64 = Release|x64
		Release|x86 = Release|x86
	EndGlobalSection
	GlobalSection(ProjectConfigurationPlatforms) = postSolution
		{88814250-FED5-43D0-A221-C315B183A68E}.Debug|x64.ActiveCfg = Debug|x64
		{88814250-FED5-43D0-A221-C315B183A68E}.Debug|x64.Build.0 = Debug|x64
		{88814250-FED5-43D0-A221-C315B183A68E}.Debug|x86.ActiveCfg = Debug|Win32
		{88814250-FED5-43D0-A221-C315B183A68E}.Debug|x86.Build.0 = Debug|Win32
		{88814250-FED5-43D0-A221-C315B183A68E}.Release|x64.ActiveCfg = Release|x64
		{88814250-FED5-43D0-A221-C315B183A68E}.Release|x64.Build.0 = Release|x64
		{88814250-FED5-43D0-A221-C315B183A68E}.Release|x86.ActiveCfg = Release|Win32
		{88814250-FED5-43D0-A221-C315B183A68E}.Release|x86.Build.0 = Release|Win32
		{D989D2D0-A346-4411-A54D-D36D585293CC}.Debug|x64.ActiveCfg = Debug|x64
		{D989D2D0-A346-4411-A54D-D36D585293CC}.Debug|x64.Build.0 = Debug|x64
		{D989D2D0-A346-4411-A54D-D36D585293CC}.Debug|x86.ActiveCfg = Debug|Win32
		{D989D2D0-A346-4411-A54D-D36D585293CC}.Debug|x86.Build.0 = Debug|Win32
		{D989D2D0-A346-4411-A54D-D36D585293CC}.Release|x64.ActiveCfg = Release|x64
		{D989D2D0-A346-4411-A54D-D36D585293CC}.Release|x64.Build.0 = Release|x64
		{D989D2D0-A346-4411-A54D-D36D585293CC}.Release|x86.ActiveCfg = Release|Win32
		{D989D2D0-A346-4411-A54D-D36D585293CC}.Release|x86.Build.0 = Release|Win32
	EndGlobalSection
	GlobalSection(SolutionProperties) = preSolution
		HideSolutionNode = FALSE
	EndGlobalSection
	GlobalSection(ExtensibilityGlobals) = postSolution
		SolutionGuid = {0BB54916-6882-4835-ADBF-9D004C7479DE}
	EndGlobalSection
EndGlobal
