
Microsoft Visual Studio Solution File, Format Version 12.00
# Visual Studio 15
VisualStudioVersion = 15.0.28010.2036
MinimumVisualStudioVersion = 10.0.40219.1
Project("{8BC9CEB8-8B4A-11D0-8D11-00A0C91BC942}") = "5sorts", "5sorts\5sorts.vcxproj", "{3C55E42E-C0A1-4D41-BA2B-77891E796D5C}"
EndProject
Project("{8BC9CEB8-8B4A-11D0-8D11-00A0C91BC942}") = "5ortsEXE", "5ortsEXE\5ortsEXE.vcxproj", "{04A63753-2CA7-44D9-AE19-5AFD5626A150}"
EndProject
Global
	GlobalSection(SolutionConfigurationPlatforms) = preSolution
		Debug|x64 = Debug|x64
		Debug|x86 = Debug|x86
		Release|x64 = Release|x64
		Release|x86 = Release|x86
	EndGlobalSection
	GlobalSection(ProjectConfigurationPlatforms) = postSolution
		{3C55E42E-C0A1-4D41-BA2B-77891E796D5C}.Debug|x64.ActiveCfg = Debug|x64
		{3C55E42E-C0A1-4D41-BA2B-77891E796D5C}.Debug|x64.Build.0 = Debug|x64
		{3C55E42E-C0A1-4D41-BA2B-77891E796D5C}.Debug|x86.ActiveCfg = Debug|Win32
		{3C55E42E-C0A1-4D41-BA2B-77891E796D5C}.Debug|x86.Build.0 = Debug|Win32
		{3C55E42E-C0A1-4D41-BA2B-77891E796D5C}.Release|x64.ActiveCfg = Release|x64
		{3C55E42E-C0A1-4D41-BA2B-77891E796D5C}.Release|x64.Build.0 = Release|x64
		{3C55E42E-C0A1-4D41-BA2B-77891E796D5C}.Release|x86.ActiveCfg = Release|Win32
		{3C55E42E-C0A1-4D41-BA2B-77891E796D5C}.Release|x86.Build.0 = Release|Win32
		{04A63753-2CA7-44D9-AE19-5AFD5626A150}.Debug|x64.ActiveCfg = Debug|x64
		{04A63753-2CA7-44D9-AE19-5AFD5626A150}.Debug|x64.Build.0 = Debug|x64
		{04A63753-2CA7-44D9-AE19-5AFD5626A150}.Debug|x86.ActiveCfg = Debug|Win32
		{04A63753-2CA7-44D9-AE19-5AFD5626A150}.Debug|x86.Build.0 = Debug|Win32
		{04A63753-2CA7-44D9-AE19-5AFD5626A150}.Release|x64.ActiveCfg = Release|x64
		{04A63753-2CA7-44D9-AE19-5AFD5626A150}.Release|x64.Build.0 = Release|x64
		{04A63753-2CA7-44D9-AE19-5AFD5626A150}.Release|x86.ActiveCfg = Release|Win32
		{04A63753-2CA7-44D9-AE19-5AFD5626A150}.Release|x86.Build.0 = Release|Win32
	EndGlobalSection
	GlobalSection(SolutionProperties) = preSolution
		HideSolutionNode = FALSE
	EndGlobalSection
	GlobalSection(ExtensibilityGlobals) = postSolution
		SolutionGuid = {8C93B768-54ED-49C7-8EB2-DF7371EDF457}
	EndGlobalSection
EndGlobal
